
Microsoft Visual Studio Solution File, Format Version 12.00
# Visual Studio Version 17
VisualStudioVersion = 17.0.32112.339
MinimumVisualStudioVersion = 10.0.40219.1
Project("{FAE04EC0-301F-11D3-BF4B-00C04F79EFBC}") = "BlogApi", "BlogApi.csproj", "{F4925E5E-4DB5-4BA6-A0C8-0CCD27AA9484}"
EndProject
Global
	GlobalSection(SolutionConfigurationPlatforms) = preSolution
		Debug|Any CPU = Debug|Any CPU
		Release|Any CPU = Release|Any CPU
	EndGlobalSection
	GlobalSection(ProjectConfigurationPlatforms) = postSolution
		{F4925E5E-4DB5-4BA6-A0C8-0CCD27AA9484}.Debug|Any CPU.ActiveCfg = Debug|Any CPU
		{F4925E5E-4DB5-4BA6-A0C8-0CCD27AA9484}.Debug|Any CPU.Build.0 = Debug|Any CPU
		{F4925E5E-4DB5-4BA6-A0C8-0CCD27AA9484}.Release|Any CPU.ActiveCfg = Release|Any CPU
		{F4925E5E-4DB5-4BA6-A0C8-0CCD27AA9484}.Release|Any CPU.Build.0 = Release|Any CPU
	EndGlobalSection
	GlobalSection(SolutionProperties) = preSolution
		HideSolutionNode = FALSE
	EndGlobalSection
	GlobalSection(ExtensibilityGlobals) = postSolution
		SolutionGuid = {326F7EDB-8E36-4270-BA6C-9FADD9FC8E82}
	EndGlobalSection
EndGlobal
